
Microsoft Visual Studio Solution File, Format Version 12.00
# Visual Studio Version 17
VisualStudioVersion = 17.3.32929.385
MinimumVisualStudioVersion = 10.0.40219.1
Project("{FAE04EC0-301F-11D3-BF4B-00C04F79EFBC}") = "PadFootingDesigner", "PadFootingDesigner\PadFootingDesigner.csproj", "{314FC4E2-D68E-4083-B9D7-19BEC968FC3A}"
EndProject
Global
	GlobalSection(SolutionConfigurationPlatforms) = preSolution
		Debug|Any CPU = Debug|Any CPU
		Release|Any CPU = Release|Any CPU
	EndGlobalSection
	GlobalSection(ProjectConfigurationPlatforms) = postSolution
		{314FC4E2-D68E-4083-B9D7-19BEC968FC3A}.Debug|Any CPU.ActiveCfg = Debug|Any CPU
		{314FC4E2-D68E-4083-B9D7-19BEC968FC3A}.Debug|Any CPU.Build.0 = Debug|Any CPU
		{314FC4E2-D68E-4083-B9D7-19BEC968FC3A}.Release|Any CPU.ActiveCfg = Release|Any CPU
		{314FC4E2-D68E-4083-B9D7-19BEC968FC3A}.Release|Any CPU.Build.0 = Release|Any CPU
	EndGlobalSection
	GlobalSection(SolutionProperties) = preSolution
		HideSolutionNode = FALSE
	EndGlobalSection
	GlobalSection(ExtensibilityGlobals) = postSolution
		SolutionGuid = {F600ECD6-2FF3-41E0-9CE4-01EA19D38E51}
	EndGlobalSection
EndGlobal
